
Microsoft Visual Studio Solution File, Format Version 12.00
# Visual Studio Version 16
VisualStudioVersion = 16.0.30907.101
MinimumVisualStudioVersion = 10.0.40219.1
Project("{FAE04EC0-301F-11D3-BF4B-00C04F79EFBC}") = "EFCore", "EFCore\EFCore.csproj", "{A2D3E79E-0B99-4A14-AA2C-9E5E41666AA2}"
EndProject
Global
	GlobalSection(SolutionConfigurationPlatforms) = preSolution
		Debug|Any CPU = Debug|Any CPU
		Release|Any CPU = Release|Any CPU
	EndGlobalSection
	GlobalSection(ProjectConfigurationPlatforms) = postSolution
		{A2D3E79E-0B99-4A14-AA2C-9E5E41666AA2}.Debug|Any CPU.ActiveCfg = Debug|Any CPU
		{A2D3E79E-0B99-4A14-AA2C-9E5E41666AA2}.Debug|Any CPU.Build.0 = Debug|Any CPU
		{A2D3E79E-0B99-4A14-AA2C-9E5E41666AA2}.Release|Any CPU.ActiveCfg = Release|Any CPU
		{A2D3E79E-0B99-4A14-AA2C-9E5E41666AA2}.Release|Any CPU.Build.0 = Release|Any CPU
	EndGlobalSection
	GlobalSection(SolutionProperties) = preSolution
		HideSolutionNode = FALSE
	EndGlobalSection
	GlobalSection(ExtensibilityGlobals) = postSolution
		SolutionGuid = {4755FD8A-5834-40D2-B82E-AC1EA97DC122}
	EndGlobalSection
EndGlobal
